
Microsoft Visual Studio Solution File, Format Version 12.00
# Visual Studio Version 16
VisualStudioVersion = 16.0.32630.194
MinimumVisualStudioVersion = 10.0.40219.1
Project("{FAE04EC0-301F-11D3-BF4B-00C04F79EFBC}") = "IMDBAPI", "IMDBAPI\IMDBAPI.csproj", "{F20878D8-BEF8-4850-8A98-0CA09E69760E}"
EndProject
Global
	GlobalSection(SolutionConfigurationPlatforms) = preSolution
		Debug|Any CPU = Debug|Any CPU
		Release|Any CPU = Release|Any CPU
	EndGlobalSection
	GlobalSection(ProjectConfigurationPlatforms) = postSolution
		{F20878D8-BEF8-4850-8A98-0CA09E69760E}.Debug|Any CPU.ActiveCfg = Debug|Any CPU
		{F20878D8-BEF8-4850-8A98-0CA09E69760E}.Debug|Any CPU.Build.0 = Debug|Any CPU
		{F20878D8-BEF8-4850-8A98-0CA09E69760E}.Release|Any CPU.ActiveCfg = Release|Any CPU
		{F20878D8-BEF8-4850-8A98-0CA09E69760E}.Release|Any CPU.Build.0 = Release|Any CPU
	EndGlobalSection
	GlobalSection(SolutionProperties) = preSolution
		HideSolutionNode = FALSE
	EndGlobalSection
	GlobalSection(ExtensibilityGlobals) = postSolution
		SolutionGuid = {6FF8A835-5250-4D5B-B7C7-66B7AF40EE12}
	EndGlobalSection
EndGlobal
